
Microsoft Visual Studio Solution File, Format Version 12.00
# Visual Studio 14
VisualStudioVersion = 14.0.25420.1
MinimumVisualStudioVersion = 10.0.40219.1
Project("{FAE04EC0-301F-11D3-BF4B-00C04F79EFBC}") = "SchedulerConsole", "SchedulerConsole\SchedulerConsole.csproj", "{0EDEE5FD-84B2-4896-88B7-3A9050E4502A}"
EndProject
Project("{2150E333-8FDC-42A3-9474-1A3956D46DE8}") = "Solution Items", "Solution Items", "{1B061AE5-8CF3-46FE-B704-0D296205F490}"
	ProjectSection(SolutionItems) = preProject
		ResTempl1.rct = ResTempl1.rct
	EndProjectSection
EndProject
Global
	GlobalSection(SolutionConfigurationPlatforms) = preSolution
		Debug|Any CPU = Debug|Any CPU
		Release|Any CPU = Release|Any CPU
	EndGlobalSection
	GlobalSection(ProjectConfigurationPlatforms) = postSolution
		{0EDEE5FD-84B2-4896-88B7-3A9050E4502A}.Debug|Any CPU.ActiveCfg = Debug|Any CPU
		{0EDEE5FD-84B2-4896-88B7-3A9050E4502A}.Debug|Any CPU.Build.0 = Debug|Any CPU
		{0EDEE5FD-84B2-4896-88B7-3A9050E4502A}.Release|Any CPU.ActiveCfg = Release|Any CPU
		{0EDEE5FD-84B2-4896-88B7-3A9050E4502A}.Release|Any CPU.Build.0 = Release|Any CPU
	EndGlobalSection
	GlobalSection(SolutionProperties) = preSolution
		HideSolutionNode = FALSE
	EndGlobalSection
EndGlobal
