
Microsoft Visual Studio Solution File, Format Version 12.00
# Visual Studio 2013
VisualStudioVersion = 12.0.40629.0
MinimumVisualStudioVersion = 10.0.40219.1
Project("{FAE04EC0-301F-11D3-BF4B-00C04F79EFBC}") = "Digital Signage", "Digital Signage\Digital Signage.csproj", "{D00FEA2F-AFB1-4110-B650-C340680D98B8}"
EndProject
Project("{FAE04EC0-301F-11D3-BF4B-00C04F79EFBC}") = "DigitalSignage.Data.EF", "DigitalSignage.Data.EF\DigitalSignage.Data.EF.csproj", "{CEF41D4D-4295-401B-B1CA-37B2944C5D9F}"
EndProject
Project("{FAE04EC0-301F-11D3-BF4B-00C04F79EFBC}") = "DigitalSignage.Data", "DigitalSignage.Data\DigitalSignage.Data.csproj", "{AF0342B7-A04B-4A6E-B267-9CC564BBD42C}"
EndProject
Project("{FAE04EC0-301F-11D3-BF4B-00C04F79EFBC}") = "DigitalSignage.Domain", "DigitalSignage.Domain\DigitalSignage.Domain.csproj", "{652B540E-F68A-47E1-85BA-DBF9FF3780CA}"
EndProject
Global
	GlobalSection(SolutionConfigurationPlatforms) = preSolution
		Debug|Any CPU = Debug|Any CPU
		Release|Any CPU = Release|Any CPU
	EndGlobalSection
	GlobalSection(ProjectConfigurationPlatforms) = postSolution
		{D00FEA2F-AFB1-4110-B650-C340680D98B8}.Debug|Any CPU.ActiveCfg = Debug|Any CPU
		{D00FEA2F-AFB1-4110-B650-C340680D98B8}.Debug|Any CPU.Build.0 = Debug|Any CPU
		{D00FEA2F-AFB1-4110-B650-C340680D98B8}.Release|Any CPU.ActiveCfg = Release|Any CPU
		{D00FEA2F-AFB1-4110-B650-C340680D98B8}.Release|Any CPU.Build.0 = Release|Any CPU
		{CEF41D4D-4295-401B-B1CA-37B2944C5D9F}.Debug|Any CPU.ActiveCfg = Debug|Any CPU
		{CEF41D4D-4295-401B-B1CA-37B2944C5D9F}.Debug|Any CPU.Build.0 = Debug|Any CPU
		{CEF41D4D-4295-401B-B1CA-37B2944C5D9F}.Release|Any CPU.ActiveCfg = Release|Any CPU
		{CEF41D4D-4295-401B-B1CA-37B2944C5D9F}.Release|Any CPU.Build.0 = Release|Any CPU
		{AF0342B7-A04B-4A6E-B267-9CC564BBD42C}.Debug|Any CPU.ActiveCfg = Debug|Any CPU
		{AF0342B7-A04B-4A6E-B267-9CC564BBD42C}.Debug|Any CPU.Build.0 = Debug|Any CPU
		{AF0342B7-A04B-4A6E-B267-9CC564BBD42C}.Release|Any CPU.ActiveCfg = Release|Any CPU
		{AF0342B7-A04B-4A6E-B267-9CC564BBD42C}.Release|Any CPU.Build.0 = Release|Any CPU
		{652B540E-F68A-47E1-85BA-DBF9FF3780CA}.Debug|Any CPU.ActiveCfg = Debug|Any CPU
		{652B540E-F68A-47E1-85BA-DBF9FF3780CA}.Debug|Any CPU.Build.0 = Debug|Any CPU
		{652B540E-F68A-47E1-85BA-DBF9FF3780CA}.Release|Any CPU.ActiveCfg = Release|Any CPU
		{652B540E-F68A-47E1-85BA-DBF9FF3780CA}.Release|Any CPU.Build.0 = Release|Any CPU
	EndGlobalSection
	GlobalSection(SolutionProperties) = preSolution
		HideSolutionNode = FALSE
	EndGlobalSection
EndGlobal
