
Microsoft Visual Studio Solution File, Format Version 12.00
# Visual Studio 15
VisualStudioVersion = 15.0.26730.16
MinimumVisualStudioVersion = 10.0.40219.1
Project("{FAE04EC0-301F-11D3-BF4B-00C04F79EFBC}") = "ExpireScheduler", "SchedulerUpdate\ExpireScheduler.csproj", "{A267CE95-0F5D-4FB8-8189-51EB97DDD5BF}"
EndProject
Global
	GlobalSection(SolutionConfigurationPlatforms) = preSolution
		Debug|Any CPU = Debug|Any CPU
		Release|Any CPU = Release|Any CPU
	EndGlobalSection
	GlobalSection(ProjectConfigurationPlatforms) = postSolution
		{A267CE95-0F5D-4FB8-8189-51EB97DDD5BF}.Debug|Any CPU.ActiveCfg = Debug|Any CPU
		{A267CE95-0F5D-4FB8-8189-51EB97DDD5BF}.Debug|Any CPU.Build.0 = Debug|Any CPU
		{A267CE95-0F5D-4FB8-8189-51EB97DDD5BF}.Release|Any CPU.ActiveCfg = Release|Any CPU
		{A267CE95-0F5D-4FB8-8189-51EB97DDD5BF}.Release|Any CPU.Build.0 = Release|Any CPU
	EndGlobalSection
	GlobalSection(SolutionProperties) = preSolution
		HideSolutionNode = FALSE
	EndGlobalSection
	GlobalSection(ExtensibilityGlobals) = postSolution
		SolutionGuid = {8CB03D61-5330-4C97-9BF3-7CCF14980FA0}
	EndGlobalSection
EndGlobal
